
Microsoft Visual Studio Solution File, Format Version 12.00
# Visual Studio Version 17
VisualStudioVersion = 17.0.31919.166
MinimumVisualStudioVersion = 10.0.40219.1
Project("{FAE04EC0-301F-11D3-BF4B-00C04F79EFBC}") = "ConvencionesWebApi", "ConvencionesWebApi.csproj", "{4647D89C-23EF-45D3-8342-2E8AEEC3DE0E}"
EndProject
Global
	GlobalSection(SolutionConfigurationPlatforms) = preSolution
		Debug|Any CPU = Debug|Any CPU
		Release|Any CPU = Release|Any CPU
	EndGlobalSection
	GlobalSection(ProjectConfigurationPlatforms) = postSolution
		{4647D89C-23EF-45D3-8342-2E8AEEC3DE0E}.Debug|Any CPU.ActiveCfg = Debug|Any CPU
		{4647D89C-23EF-45D3-8342-2E8AEEC3DE0E}.Debug|Any CPU.Build.0 = Debug|Any CPU
		{4647D89C-23EF-45D3-8342-2E8AEEC3DE0E}.Release|Any CPU.ActiveCfg = Release|Any CPU
		{4647D89C-23EF-45D3-8342-2E8AEEC3DE0E}.Release|Any CPU.Build.0 = Release|Any CPU
	EndGlobalSection
	GlobalSection(SolutionProperties) = preSolution
		HideSolutionNode = FALSE
	EndGlobalSection
	GlobalSection(ExtensibilityGlobals) = postSolution
		SolutionGuid = {35266C8F-73DF-4CE3-ACDD-2E22434B45B1}
	EndGlobalSection
EndGlobal
